{
  "pins" : [
    {
      "identity" : "plugininterface",
      "kind" : "remoteSourceControl",
      "location" : "https://github.com/swift-setup/PluginInterface",
      "state" : {
        "revision" : "25340c9963fd758a605e337c3b7661d73ff6d033",
        "version" : "1.2.0"
      }
    }
  ],
  "version" : 2
}
